
Microsoft Visual Studio Solution File, Format Version 12.00
# Visual Studio Version 16
VisualStudioVersion = 16.0.31019.35
MinimumVisualStudioVersion = 10.0.40219.1
Project("{8BC9CEB8-8B4A-11D0-8D11-00A0C91BC942}") = "decNumber.VC", "decNumber.VC.vcxproj", "{1B176788-050F-47CE-81D7-5F128F8A7688}"
EndProject
Global
	GlobalSection(SolutionConfigurationPlatforms) = preSolution
		Debug MD|x64 = Debug MD|x64
		Debug MD|x86 = Debug MD|x86
		Debug|x64 = Debug|x64
		Debug|x86 = Debug|x86
		Release MD|x64 = Release MD|x64
		Release MD|x86 = Release MD|x86
		Release|x64 = Release|x64
		Release|x86 = Release|x86
	EndGlobalSection
	GlobalSection(ProjectConfigurationPlatforms) = postSolution
		{1B176788-050F-47CE-81D7-5F128F8A7688}.Debug MD|x64.ActiveCfg = Debug MD|x64
		{1B176788-050F-47CE-81D7-5F128F8A7688}.Debug MD|x64.Build.0 = Debug MD|x64
		{1B176788-050F-47CE-81D7-5F128F8A7688}.Debug MD|x86.ActiveCfg = Debug MD|Win32
		{1B176788-050F-47CE-81D7-5F128F8A7688}.Debug MD|x86.Build.0 = Debug MD|Win32
		{1B176788-050F-47CE-81D7-5F128F8A7688}.Debug|x64.ActiveCfg = Debug|x64
		{1B176788-050F-47CE-81D7-5F128F8A7688}.Debug|x64.Build.0 = Debug|x64
		{1B176788-050F-47CE-81D7-5F128F8A7688}.Debug|x86.ActiveCfg = Debug|Win32
		{1B176788-050F-47CE-81D7-5F128F8A7688}.Debug|x86.Build.0 = Debug|Win32
		{1B176788-050F-47CE-81D7-5F128F8A7688}.Release MD|x64.ActiveCfg = Release MD|x64
		{1B176788-050F-47CE-81D7-5F128F8A7688}.Release MD|x64.Build.0 = Release MD|x64
		{1B176788-050F-47CE-81D7-5F128F8A7688}.Release MD|x86.ActiveCfg = Release MD|Win32
		{1B176788-050F-47CE-81D7-5F128F8A7688}.Release MD|x86.Build.0 = Release MD|Win32
		{1B176788-050F-47CE-81D7-5F128F8A7688}.Release|x64.ActiveCfg = Release|x64
		{1B176788-050F-47CE-81D7-5F128F8A7688}.Release|x64.Build.0 = Release|x64
		{1B176788-050F-47CE-81D7-5F128F8A7688}.Release|x86.ActiveCfg = Release|Win32
		{1B176788-050F-47CE-81D7-5F128F8A7688}.Release|x86.Build.0 = Release|Win32
	EndGlobalSection
	GlobalSection(SolutionProperties) = preSolution
		HideSolutionNode = FALSE
	EndGlobalSection
	GlobalSection(ExtensibilityGlobals) = postSolution
		SolutionGuid = {3DEC3B67-4E4A-416A-892D-66C61B18AA88}
	EndGlobalSection
EndGlobal
